
Microsoft Visual Studio Solution File, Format Version 12.00
# Visual Studio Version 16
VisualStudioVersion = 16.0.30804.86
MinimumVisualStudioVersion = 10.0.40219.1
Project("{9A19103F-16F7-4668-BE54-9A1E7A4F7556}") = "CatchEmAll.Domain", "CatchEmAll.Domain\CatchEmAll.Domain.csproj", "{AA95D952-D0BE-4E29-BDF3-DF5E01BFB490}"
EndProject
Project("{9A19103F-16F7-4668-BE54-9A1E7A4F7556}") = "CatchEmAll.DataAccess", "CatchEmAll.DataAccess\CatchEmAll.DataAccess.csproj", "{42557450-C845-4B01-82B2-53A68B933392}"
EndProject
Project("{9A19103F-16F7-4668-BE54-9A1E7A4F7556}") = "CatchEmAll.Ricardo", "CatchEmAll.Ricardo\CatchEmAll.Ricardo.csproj", "{152E048F-37ED-4CEA-A01A-92BC397E631D}"
EndProject
Project("{9A19103F-16F7-4668-BE54-9A1E7A4F7556}") = "CatchEmAll.WebApi", "CatchEmAll.WebApi\CatchEmAll.WebApi.csproj", "{C2CC4B56-9BFA-451F-AFC0-650F46BCB395}"
EndProject
Project("{9A19103F-16F7-4668-BE54-9A1E7A4F7556}") = "CatchEmAll.WebJobs", "CatchEmAll.WebJobs\CatchEmAll.WebJobs.csproj", "{F07EBFB6-5453-487D-8CB9-3402EEC8538F}"
EndProject
Global
	GlobalSection(SolutionConfigurationPlatforms) = preSolution
		Debug|Any CPU = Debug|Any CPU
		Release|Any CPU = Release|Any CPU
	EndGlobalSection
	GlobalSection(ProjectConfigurationPlatforms) = postSolution
		{AA95D952-D0BE-4E29-BDF3-DF5E01BFB490}.Debug|Any CPU.ActiveCfg = Debug|Any CPU
		{AA95D952-D0BE-4E29-BDF3-DF5E01BFB490}.Debug|Any CPU.Build.0 = Debug|Any CPU
		{AA95D952-D0BE-4E29-BDF3-DF5E01BFB490}.Release|Any CPU.ActiveCfg = Release|Any CPU
		{AA95D952-D0BE-4E29-BDF3-DF5E01BFB490}.Release|Any CPU.Build.0 = Release|Any CPU
		{42557450-C845-4B01-82B2-53A68B933392}.Debug|Any CPU.ActiveCfg = Debug|Any CPU
		{42557450-C845-4B01-82B2-53A68B933392}.Debug|Any CPU.Build.0 = Debug|Any CPU
		{42557450-C845-4B01-82B2-53A68B933392}.Release|Any CPU.ActiveCfg = Release|Any CPU
		{42557450-C845-4B01-82B2-53A68B933392}.Release|Any CPU.Build.0 = Release|Any CPU
		{152E048F-37ED-4CEA-A01A-92BC397E631D}.Debug|Any CPU.ActiveCfg = Debug|Any CPU
		{152E048F-37ED-4CEA-A01A-92BC397E631D}.Debug|Any CPU.Build.0 = Debug|Any CPU
		{152E048F-37ED-4CEA-A01A-92BC397E631D}.Release|Any CPU.ActiveCfg = Release|Any CPU
		{152E048F-37ED-4CEA-A01A-92BC397E631D}.Release|Any CPU.Build.0 = Release|Any CPU
		{C2CC4B56-9BFA-451F-AFC0-650F46BCB395}.Debug|Any CPU.ActiveCfg = Debug|Any CPU
		{C2CC4B56-9BFA-451F-AFC0-650F46BCB395}.Debug|Any CPU.Build.0 = Debug|Any CPU
		{C2CC4B56-9BFA-451F-AFC0-650F46BCB395}.Release|Any CPU.ActiveCfg = Release|Any CPU
		{C2CC4B56-9BFA-451F-AFC0-650F46BCB395}.Release|Any CPU.Build.0 = Release|Any CPU
		{F07EBFB6-5453-487D-8CB9-3402EEC8538F}.Debug|Any CPU.ActiveCfg = Debug|Any CPU
		{F07EBFB6-5453-487D-8CB9-3402EEC8538F}.Debug|Any CPU.Build.0 = Debug|Any CPU
		{F07EBFB6-5453-487D-8CB9-3402EEC8538F}.Release|Any CPU.ActiveCfg = Release|Any CPU
		{F07EBFB6-5453-487D-8CB9-3402EEC8538F}.Release|Any CPU.Build.0 = Release|Any CPU
	EndGlobalSection
	GlobalSection(SolutionProperties) = preSolution
		HideSolutionNode = FALSE
	EndGlobalSection
	GlobalSection(ExtensibilityGlobals) = postSolution
		SolutionGuid = {03823086-C500-4C03-BA42-A591E3B83E11}
	EndGlobalSection
EndGlobal
